{
  "originHash" : "a6167fbd8735c630482850bcd089a77d093bd4c4466d205dd6d90ee51ff29893",
  "pins" : [
    {
      "identity" : "alamofire",
      "kind" : "remoteSourceControl",
      "location" : "https://github.com/Alamofire/Alamofire.git",
      "state" : {
        "revision" : "513364f870f6bfc468f9d2ff0a95caccc10044c5",
        "version" : "5.10.2"
      }
    },
    {
      "identity" : "factory",
      "kind" : "remoteSourceControl",
      "location" : "https://github.com/hmlongco/Factory",
      "state" : {
        "revision" : "f1e35a1672fcb71a40ef6b7aaf1ea38a458c4485",
        "version" : "2.4.12"
      }
    }
  ],
  "version" : 3
}
